# THIS IS AN AUTOGENERATED FILE. DO NOT EDIT THIS FILE DIRECTLY.
# yarn lockfile v1


"@babel/runtime@^7.1.2":
  version "7.4.3"
  resolved "https://registry.yarnpkg.com/@babel/runtime/-/runtime-7.4.3.tgz#79888e452034223ad9609187a0ad1fe0d2ad4bdc"
  integrity sha512-9lsJwJLxDh/T3Q3SZszfWOTkk3pHbkmH+3KY+zwIDmsNlxsumuhS2TH3NIpktU4kNvfzy+k3eLT7aTJSPTo0OA==
  dependencies:
    regenerator-runtime "^0.13.2"

"@rgrove/parse-xml@^2.0.1":
  version "2.0.1"
  resolved "https://registry.yarnpkg.com/@rgrove/parse-xml/-/parse-xml-2.0.1.tgz#e724213600b4fdc533ded027c1314a9f843a5146"
  integrity sha512-no7j8h1KGbSL00iGqHLIPE2Z7MxOAEACgApA+9zPv3NTast9+0IrnDo+ZFEp9pq5k4e1YcffF/4haJJhS8ebXw==

async-limiter@~1.0.0:
  version "1.0.0"
  resolved "https://registry.yarnpkg.com/async-limiter/-/async-limiter-1.0.0.tgz#78faed8c3d074ab81f22b4e985d79e8738f720f8"
  integrity sha512-jp/uFnooOiO+L211eZOoSyzpOITMXx1rBITauYykG3BRYPu8h0UcxsPNB04RR5vo4Tyz3+ay17tR6JVf9qzYWg==

asynckit@^0.4.0:
  version "0.4.0"
  resolved "https://registry.yarnpkg.com/asynckit/-/asynckit-0.4.0.tgz#c79ed97f7f34cb8f2ba1bc9790bcc366474b4b79"
  integrity sha1-x57Zf380y48robyXkLzDZkdLS3k=

atob@^2.1.1:
  version "2.1.2"
  resolved "https://registry.yarnpkg.com/atob/-/atob-2.1.2.tgz#6d9517eb9e030d2436666651e86bd9f6f13533c9"
  integrity sha512-Wm6ukoaOGJi/73p/cl2GvLjTI5JM1k/O14isD73YML8StrH/7/lRFgmg8nICZgD3bZZvjwCGxtMOD3wWNAu8cg==

base64-arraybuffer-es6@0.4.2:
  version "0.4.2"
  resolved "https://registry.yarnpkg.com/base64-arraybuffer-es6/-/base64-arraybuffer-es6-0.4.2.tgz#b567d364065843113589b6c1436bd9492701c7fe"
  integrity sha512-HaJx92u12By863ZXVHZs4Bp1nkKaLpbs3Ec9SI1OKzq60Hz+Ks6z7UvdD8pIx61Ck3e8F9MH/IPEu5T0xKSbkQ==

combined-stream@^1.0.6:
  version "1.0.7"
  resolved "https://registry.yarnpkg.com/combined-stream/-/combined-stream-1.0.7.tgz#2d1d24317afb8abe95d6d2c0b07b57813539d828"
  integrity sha512-brWl9y6vOB1xYPZcpZde3N9zDByXTosAeMDo4p1wzo6UMOX4vumB+TP1RZ76sfE6Md68Q0NJSrE/gbezd4Ul+w==
  dependencies:
    delayed-stream "~1.0.0"

core-js@^2.4.1, core-js@^2.5.3:
  version "2.6.5"
  resolved "https://registry.yarnpkg.com/core-js/-/core-js-2.6.5.tgz#44bc8d249e7fb2ff5d00e0341a7ffb94fbf67895"
  integrity sha512-klh/kDpwX8hryYL14M9w/xei6vrv6sE8gTHDG7/T/+SEovB/G4ejwcfE/CBzO6Edsu+OETZMZ3wcX/EjUkrl5A==

css@^2.2.4:
  version "2.2.4"
  resolved "https://registry.yarnpkg.com/css/-/css-2.2.4.tgz#c646755c73971f2bba6a601e2cf2fd71b1298929"
  integrity sha512-oUnjmWpy0niI3x/mPL8dVEI1l7MnG3+HHyRPHf+YFSbK+svOhXpmSOcDURUh2aOCgl2grzrOPt1nHLuCVFULLw==
  dependencies:
    inherits "^2.0.3"
    source-map "^0.6.1"
    source-map-resolve "^0.5.2"
    urix "^0.1.0"

debug@^3.1.0:
  version "3.2.6"
  resolved "https://registry.yarnpkg.com/debug/-/debug-3.2.6.tgz#e83d17de16d8a7efb7717edbe5fb10135eee629b"
  integrity sha512-mel+jf7nrtEl5Pn1Qx46zARXKDpBbvzezse7p7LqINmdoIk8PYP5SySaxEmYv6TZ0JyEKA1hsCId6DIhgITtWQ==
  dependencies:
    ms "^2.1.1"

decode-uri-component@^0.2.0:
  version "0.2.0"
  resolved "https://registry.yarnpkg.com/decode-uri-component/-/decode-uri-component-0.2.0.tgz#eb3913333458775cb84cd1a1fae062106bb87545"
  integrity sha1-6zkTMzRYd1y4TNGh+uBiEGu4dUU=

delayed-stream@~1.0.0:
  version "1.0.0"
  resolved "https://registry.yarnpkg.com/delayed-stream/-/delayed-stream-1.0.0.tgz#df3ae199acadfb7d440aaae0b29e2272b24ec619"
  integrity sha1-3zrhmayt+31ECqrgsp4icrJOxhk=

domexception@^1.0.1:
  version "1.0.1"
  resolved "https://registry.yarnpkg.com/domexception/-/domexception-1.0.1.tgz#937442644ca6a31261ef36e3ec677fe805582c90"
  integrity sha512-raigMkn7CJNNo6Ihro1fzG7wr3fHuYVytzquZKX5n0yizGsTcYgzdIUwj1X9pK0VvjeihV+XiclP+DjwbsSKug==
  dependencies:
    webidl-conversions "^4.0.2"

extend-shallow@^2.0.1:
  version "2.0.1"
  resolved "https://registry.yarnpkg.com/extend-shallow/-/extend-shallow-2.0.1.tgz#51af7d614ad9a9f610ea1bafbb989d6b1c56890f"
  integrity sha1-Ua99YUrZqfYQ6huvu5idaxxWiQ8=
  dependencies:
    is-extendable "^0.1.0"

fake-indexeddb@^2.1.0:
  version "2.1.0"
  resolved "https://registry.yarnpkg.com/fake-indexeddb/-/fake-indexeddb-2.1.0.tgz#418780fff50b61540fa4fb6effe2e11528aa9dba"
  integrity sha512-GDu/XA/znG1Z6E1rnf72fiqCG/YzhKShngrHtx8+Ij5h9uwqSISs7MPu0ZqAqhyNTl0uGwJhda0aX8ouwej1zw==
  dependencies:
    core-js "^2.4.1"
    realistic-structured-clone "^2.0.1"
    setimmediate "^1.0.5"

graceful-fs@^4.1.11:
  version "4.1.15"
  resolved "https://registry.yarnpkg.com/graceful-fs/-/graceful-fs-4.1.15.tgz#ffb703e1066e8a0eeaa4c8b80ba9253eeefbfb00"
  integrity sha512-6uHUhOPEBgQ24HM+r6b/QwWfZq+yiFcipKFrOFiBEnWdy5sdzYoi+pJeQaPI5qOLRFqWmAXUPQNsielzdLoecA==

he@^1.2.0:
  version "1.2.0"
  resolved "https://registry.yarnpkg.com/he/-/he-1.2.0.tgz#84ae65fa7eafb165fddb61566ae14baf05664f0f"
  integrity sha512-F/1DnUGPopORZi0ni+CvrCgHQ5FyEAHRLSApuYWMmrbSwoN2Mn/7k+Gl38gJnR7yyDZk6WLXwiGod1JOWNDKGw==

history@^4.9.0:
  version "4.9.0"
  resolved "https://registry.yarnpkg.com/history/-/history-4.9.0.tgz#84587c2068039ead8af769e9d6a6860a14fa1bca"
  integrity sha512-H2DkjCjXf0Op9OAr6nJ56fcRkTSNrUiv41vNJ6IswJjif6wlpZK0BTfFbi7qK9dXLSYZxkq5lBsj3vUjlYBYZA==
  dependencies:
    "@babel/runtime" "^7.1.2"
    loose-envify "^1.2.0"
    resolve-pathname "^2.2.0"
    tiny-invariant "^1.0.2"
    tiny-warning "^1.0.0"
    value-equal "^0.4.0"

hterm-repl@^0.0.10:
  version "0.0.10"
  resolved "https://registry.yarnpkg.com/hterm-repl/-/hterm-repl-0.0.10.tgz#e34bb2b8a2535ee7abb630f5b27ec8a7c706c431"
  integrity sha512-Jy+ELIdPh89gX7uLqZ1qqnMeNLKTiwnCKvjusNGUIyC3YmI+QKQqnePLWDyKoXvIRSga7Ub3Zm0BTfRGacAd3Q==
  dependencies:
    ws "^6.1.2"

imurmurhash@^0.1.4:
  version "0.1.4"
  resolved "https://registry.yarnpkg.com/imurmurhash/-/imurmurhash-0.1.4.tgz#9218b9b2b928a238b13dc4fb6b6d576f231453ea"
  integrity sha1-khi5srkoojixPcT7a21XbyMUU+o=

inherits@^2.0.3:
  version "2.0.3"
  resolved "https://registry.yarnpkg.com/inherits/-/inherits-2.0.3.tgz#633c2c83e3da42a502f52466022480f4208261de"
  integrity sha1-Yzwsg+PaQqUC9SRmAiSA9CCCYd4=

is-extendable@^0.1.0:
  version "0.1.1"
  resolved "https://registry.yarnpkg.com/is-extendable/-/is-extendable-0.1.1.tgz#62b110e289a471418e3ec36a617d472e301dfc89"
  integrity sha1-YrEQ4omkcUGOPsNqYX1HLjAd/Ik=

is-finite@^1.0.0:
  version "1.0.2"
  resolved "https://registry.yarnpkg.com/is-finite/-/is-finite-1.0.2.tgz#cc6677695602be550ef11e8b4aa6305342b6d0aa"
  integrity sha1-zGZ3aVYCvlUO8R6LSqYwU0K20Ko=
  dependencies:
    number-is-nan "^1.0.0"

is-integer@^1.0.4:
  version "1.0.7"
  resolved "https://registry.yarnpkg.com/is-integer/-/is-integer-1.0.7.tgz#6bde81aacddf78b659b6629d629cadc51a886d5c"
  integrity sha1-a96Bqs3feLZZtmKdYpytxRqIbVw=
  dependencies:
    is-finite "^1.0.0"

"js-tokens@^3.0.0 || ^4.0.0":
  version "4.0.0"
  resolved "https://registry.yarnpkg.com/js-tokens/-/js-tokens-4.0.0.tgz#19203fb59991df98e3a287050d4647cdeaf32499"
  integrity sha512-RdJUflcE3cUzKiMqQgsCu06FPu9UdIJO0beYbPhHN4k6apgJtifcoCtT9bcxOpYBtpD2kCM6Sbzg4CausW/PKQ==

lodash.sortby@^4.7.0:
  version "4.7.0"
  resolved "https://registry.yarnpkg.com/lodash.sortby/-/lodash.sortby-4.7.0.tgz#edd14c824e2cc9c1e0b0a1b42bb5210516a42438"
  integrity sha1-7dFMgk4sycHgsKG0K7UhBRakJDg=

loose-envify@^1.2.0:
  version "1.4.0"
  resolved "https://registry.yarnpkg.com/loose-envify/-/loose-envify-1.4.0.tgz#71ee51fa7be4caec1a63839f7e682d8132d30caf"
  integrity sha512-lyuxPGr/Wfhrlem2CL/UcnUc1zcqKAImBDzukY7Y5F/yQiNdko6+fRLevlw1HgMySw7f611UIY408EtxRSoK3Q==
  dependencies:
    js-tokens "^3.0.0 || ^4.0.0"

mime-db@~1.39.0:
  version "1.39.0"
  resolved "https://registry.yarnpkg.com/mime-db/-/mime-db-1.39.0.tgz#f95a20275742f7d2ad0429acfe40f4233543780e"
  integrity sha512-DTsrw/iWVvwHH+9Otxccdyy0Tgiil6TWK/xhfARJZF/QFhwOgZgOIvA2/VIGpM8U7Q8z5nDmdDWC6tuVMJNibw==

mime-types@^2.1.12:
  version "2.1.23"
  resolved "https://registry.yarnpkg.com/mime-types/-/mime-types-2.1.23.tgz#d4eacd87de99348a6858fe1e479aad877388d977"
  integrity sha512-ROk/m+gMVSrRxTkMlaQOvFmFmYDc7sZgrjjM76abqmd2Cc5fCV7jAMA5XUccEtJ3cYiYdgixUVI+fApc2LkXlw==
  dependencies:
    mime-db "~1.39.0"

mime@^2.3.1:
  version "2.4.2"
  resolved "https://registry.yarnpkg.com/mime/-/mime-2.4.2.tgz#ce5229a5e99ffc313abac806b482c10e7ba6ac78"
  integrity sha512-zJBfZDkwRu+j3Pdd2aHsR5GfH2jIWhmL1ZzBoc+X+3JEti2hbArWcyJ+1laC1D2/U/W1a/+Cegj0/OnEU2ybjg==

minimist@0.0.8:
  version "0.0.8"
  resolved "https://registry.yarnpkg.com/minimist/-/minimist-0.0.8.tgz#857fcabfc3397d2625b8228262e86aa7a011b05d"
  integrity sha1-hX/Kv8M5fSYluCKCYuhqp6ARsF0=

mkdirp@^0.5.1:
  version "0.5.1"
  resolved "https://registry.yarnpkg.com/mkdirp/-/mkdirp-0.5.1.tgz#30057438eac6cf7f8c4767f38648d6697d75c903"
  integrity sha1-MAV0OOrGz3+MR2fzhkjWaX11yQM=
  dependencies:
    minimist "0.0.8"

ms@^2.1.1:
  version "2.1.1"
  resolved "https://registry.yarnpkg.com/ms/-/ms-2.1.1.tgz#30a5864eb3ebb0a66f2ebe6d727af06a09d86e0a"
  integrity sha512-tgp+dl5cGk28utYktBsrFqA7HKgrhgPsg6Z/EfhWI4gl1Hwq8B/GmY/0oXZ6nF8hDVesS/FpnYaD/kOWhYQvyg==

node-localstorage@^1.3.1:
  version "1.3.1"
  resolved "https://registry.yarnpkg.com/node-localstorage/-/node-localstorage-1.3.1.tgz#3177ef42837f398aee5dd75e319b281e40704243"
  integrity sha512-NMWCSWWc6JbHT5PyWlNT2i8r7PgGYXVntmKawY83k/M0UJScZ5jirb61TLnqKwd815DfBQu+lR3sRw08SPzIaQ==
  dependencies:
    write-file-atomic "^1.1.4"

number-is-nan@^1.0.0:
  version "1.0.1"
  resolved "https://registry.yarnpkg.com/number-is-nan/-/number-is-nan-1.0.1.tgz#097b602b53422a522c1afb8790318336941a011d"
  integrity sha1-CXtgK1NCKlIsGvuHkDGDNpQaAR0=

parse-int@^1.0.3:
  version "1.0.3"
  resolved "https://registry.yarnpkg.com/parse-int/-/parse-int-1.0.3.tgz#3c5c0a652f188ac76beed9d75e9c41ceb7581d2e"
  integrity sha512-TfDLnW/E7Hu53nxclRtgCvvjCyA+iRqlzEbpDDRpTFSc1ovRSL/EDpgpRaEhxrGOx2w1k9bkE189FXt6PnOUUQ==
  dependencies:
    is-integer "^1.0.4"

parse5@^5.1.0:
  version "5.1.0"
  resolved "https://registry.yarnpkg.com/parse5/-/parse5-5.1.0.tgz#c59341c9723f414c452975564c7c00a68d58acd2"
  integrity sha512-fxNG2sQjHvlVAYmzBZS9YlDp6PTSSDwa98vkD4QgVDDCAo84z5X1t5XyJQ62ImdLXx5NdIIfihey6xpum9/gRQ==

punycode@^2.1.0:
  version "2.1.1"
  resolved "https://registry.yarnpkg.com/punycode/-/punycode-2.1.1.tgz#b58b010ac40c22c5657616c8d2c2c02c7bf479ec"
  integrity sha512-XRsRjdf+j5ml+y/6GKHPZbrF/8p2Yga0JPtdqTIY2Xe5ohJPD9saDJJLPvp9+NSBprVvevdXZybnj2cv8OEd0A==

realistic-structured-clone@^2.0.1:
  version "2.0.2"
  resolved "https://registry.yarnpkg.com/realistic-structured-clone/-/realistic-structured-clone-2.0.2.tgz#2f8ec225b1f9af20efc79ac96a09043704414959"
  integrity sha512-5IEvyfuMJ4tjQOuKKTFNvd+H9GSbE87IcendSBannE28PTrbolgaVg5DdEApRKhtze794iXqVUFKV60GLCNKEg==
  dependencies:
    core-js "^2.5.3"
    domexception "^1.0.1"
    typeson "^5.8.2"
    typeson-registry "^1.0.0-alpha.20"

regenerator-runtime@^0.13.2:
  version "0.13.2"
  resolved "https://registry.yarnpkg.com/regenerator-runtime/-/regenerator-runtime-0.13.2.tgz#32e59c9a6fb9b1a4aff09b4930ca2d4477343447"
  integrity sha512-S/TQAZJO+D3m9xeN1WTI8dLKBBiRgXBlTJvbWjCThHWZj9EvHK70Ff50/tYj2J/fvBY6JtFVwRuazHN2E7M9BA==

resolve-pathname@^2.2.0:
  version "2.2.0"
  resolved "https://registry.yarnpkg.com/resolve-pathname/-/resolve-pathname-2.2.0.tgz#7e9ae21ed815fd63ab189adeee64dc831eefa879"
  integrity sha512-bAFz9ld18RzJfddgrO2e/0S2O81710++chRMUxHjXOYKF6jTAMrUNZrEZ1PvV0zlhfjidm08iRPdTLPno1FuRg==

resolve-url@^0.2.1:
  version "0.2.1"
  resolved "https://registry.yarnpkg.com/resolve-url/-/resolve-url-0.2.1.tgz#2c637fe77c893afd2a663fe21aa9080068e2052a"
  integrity sha1-LGN/53yJOv0qZj/iGqkIAGjiBSo=

setimmediate@^1.0.5:
  version "1.0.5"
  resolved "https://registry.yarnpkg.com/setimmediate/-/setimmediate-1.0.5.tgz#290cbb232e306942d7d7ea9b83732ab7856f8285"
  integrity sha1-KQy7Iy4waULX1+qbg3Mqt4VvgoU=

slide@^1.1.5:
  version "1.1.6"
  resolved "https://registry.yarnpkg.com/slide/-/slide-1.1.6.tgz#56eb027d65b4d2dce6cb2e2d32c4d4afc9e1d707"
  integrity sha1-VusCfWW00tzmyy4tMsTUr8nh1wc=

source-map-resolve@^0.5.2:
  version "0.5.2"
  resolved "https://registry.yarnpkg.com/source-map-resolve/-/source-map-resolve-0.5.2.tgz#72e2cc34095543e43b2c62b2c4c10d4a9054f259"
  integrity sha512-MjqsvNwyz1s0k81Goz/9vRBe9SZdB09Bdw+/zYyO+3CuPk6fouTaxscHkgtE8jKvf01kVfl8riHzERQ/kefaSA==
  dependencies:
    atob "^2.1.1"
    decode-uri-component "^0.2.0"
    resolve-url "^0.2.1"
    source-map-url "^0.4.0"
    urix "^0.1.0"

source-map-url@^0.4.0:
  version "0.4.0"
  resolved "https://registry.yarnpkg.com/source-map-url/-/source-map-url-0.4.0.tgz#3e935d7ddd73631b97659956d55128e87b5084a3"
  integrity sha1-PpNdfd1zYxuXZZlW1VEo6HtQhKM=

source-map@^0.6.1:
  version "0.6.1"
  resolved "https://registry.yarnpkg.com/source-map/-/source-map-0.6.1.tgz#74722af32e9614e9c287a8d0bbde48b5e2f1a263"
  integrity sha512-UjgapumWlbMhkBgzT7Ykc5YXUT46F0iKu8SGXq0bcwP5dz/h0Plj6enJqjz1Zbq2l5WaqYnrVbwWOWMyF3F47g==

tiny-invariant@^1.0.2:
  version "1.0.4"
  resolved "https://registry.yarnpkg.com/tiny-invariant/-/tiny-invariant-1.0.4.tgz#346b5415fd93cb696b0c4e8a96697ff590f92463"
  integrity sha512-lMhRd/djQJ3MoaHEBrw8e2/uM4rs9YMNk0iOr8rHQ0QdbM7D4l0gFl3szKdeixrlyfm9Zqi4dxHCM2qVG8ND5g==

tiny-warning@^1.0.0:
  version "1.0.2"
  resolved "https://registry.yarnpkg.com/tiny-warning/-/tiny-warning-1.0.2.tgz#1dfae771ee1a04396bdfde27a3adcebc6b648b28"
  integrity sha512-rru86D9CpQRLvsFG5XFdy0KdLAvjdQDyZCsRcuu60WtzFylDM3eAWSxEVz5kzL2Gp544XiUvPbVKtOA/txLi9Q==

tr46@^1.0.1:
  version "1.0.1"
  resolved "https://registry.yarnpkg.com/tr46/-/tr46-1.0.1.tgz#a8b13fd6bfd2489519674ccde55ba3693b706d09"
  integrity sha1-qLE/1r/SSJUZZ0zN5VujaTtwbQk=
  dependencies:
    punycode "^2.1.0"

typeson-registry@^1.0.0-alpha.20:
  version "1.0.0-alpha.27"
  resolved "https://registry.yarnpkg.com/typeson-registry/-/typeson-registry-1.0.0-alpha.27.tgz#11c0b9ef7fd486ac40f786fa2ac266e2f0624b47"
  integrity sha512-Le8bEDzjpkTRoym1ahojpT8cYd+Oh3tS5cPyWoKKFe/dGEKV/o7jnGBVpd+WjgZ1OrvhYRL8tVCrm+vHFqpiPg==
  dependencies:
    base64-arraybuffer-es6 "0.4.2"
    typeson "5.12.0"
    uuid "3.3.2"
    whatwg-url "7.0.0"

typeson@5.12.0, typeson@^5.8.2:
  version "5.12.0"
  resolved "https://registry.yarnpkg.com/typeson/-/typeson-5.12.0.tgz#be89e27f64e3c72c18a8bc446e529cb55bbfb496"
  integrity sha512-iN1XWZ8ry8OUtnEnBfrQ5M249B0w3jmooeBQ0zmTkmPz2wWmAFDtLwlShCAh2g+aNIYajhza2hJyvygTwUH1PQ==

unescape@^1.0.1:
  version "1.0.1"
  resolved "https://registry.yarnpkg.com/unescape/-/unescape-1.0.1.tgz#956e430f61cad8a4d57d82c518f5e6cc5d0dda96"
  integrity sha512-O0+af1Gs50lyH1nUu3ZyYS1cRh01Q/kUKatTOkSs7jukXE6/NebucDVxyiDsA9AQ4JC1V1jUH9EO8JX2nMDgGQ==
  dependencies:
    extend-shallow "^2.0.1"

urix@^0.1.0:
  version "0.1.0"
  resolved "https://registry.yarnpkg.com/urix/-/urix-0.1.0.tgz#da937f7a62e21fec1fd18d49b35c2935067a6c72"
  integrity sha1-2pN/emLiH+wf0Y1Js1wpNQZ6bHI=

uuid@3.3.2:
  version "3.3.2"
  resolved "https://registry.yarnpkg.com/uuid/-/uuid-3.3.2.tgz#1b4af4955eb3077c501c23872fc6513811587131"
  integrity sha512-yXJmeNaw3DnnKAOKJE51sL/ZaYfWJRl1pK9dr19YFCu0ObS231AB1/LbqTKRAQ5kw8A90rA6fr4riOUpTZvQZA==

value-equal@^0.4.0:
  version "0.4.0"
  resolved "https://registry.yarnpkg.com/value-equal/-/value-equal-0.4.0.tgz#c5bdd2f54ee093c04839d71ce2e4758a6890abc7"
  integrity sha512-x+cYdNnaA3CxvMaTX0INdTCN8m8aF2uY9BvEqmxuYp8bL09cs/kWVQPVGcA35fMktdOsP69IgU7wFj/61dJHEw==

webidl-conversions@^4.0.2:
  version "4.0.2"
  resolved "https://registry.yarnpkg.com/webidl-conversions/-/webidl-conversions-4.0.2.tgz#a855980b1f0b6b359ba1d5d9fb39ae941faa63ad"
  integrity sha512-YQ+BmxuTgd6UXZW3+ICGfyqRyHXVlD5GtQr5+qjiNW7bF0cqrzX500HVXPBOvgXb5YnzDd+h0zqyv61KUD7+Sg==

whatwg-url@7.0.0:
  version "7.0.0"
  resolved "https://registry.yarnpkg.com/whatwg-url/-/whatwg-url-7.0.0.tgz#fde926fa54a599f3adf82dff25a9f7be02dc6edd"
  integrity sha512-37GeVSIJ3kn1JgKyjiYNmSLP1yzbpb29jdmwBSgkD9h40/hyrR/OifpVUndji3tmwGgD8qpw7iQu3RSbCrBpsQ==
  dependencies:
    lodash.sortby "^4.7.0"
    tr46 "^1.0.1"
    webidl-conversions "^4.0.2"

window-fetch@^0.0.10:
  version "0.0.10"
  resolved "https://registry.yarnpkg.com/window-fetch/-/window-fetch-0.0.10.tgz#71fc231b805ac45ca4cd3f0479132ea82b01a5b0"
  integrity sha512-HUb+0Mo/JIuK838eJvdMfU2r4lYv/wDbVsSwUQdvYRv5DOHWnzxGkqwHwkydJdVxu9mMW1DMI+6MJ1LzuCo7qA==
  dependencies:
    mime "^2.3.1"

window-follow-redirects@0.0.1:
  version "0.0.1"
  resolved "https://registry.yarnpkg.com/window-follow-redirects/-/window-follow-redirects-0.0.1.tgz#8067d42f387aac19a66969b68d879c46b1531612"
  integrity sha512-ap8yKDo3+lkC9LzvEIC9F1ncZEA/y+s59UJc8+ZNK7SfKfj75BnE5Eng2Ig/YY4UE4w3BSqDzr8MtLjSXSLszA==
  dependencies:
    debug "^3.1.0"

window-form-data@0.0.2:
  version "0.0.2"
  resolved "https://registry.yarnpkg.com/window-form-data/-/window-form-data-0.0.2.tgz#0c9567af6d20c4e8abf1c6afc99ee4a65902f211"
  integrity sha512-/WPEAoMNVluCvdBW8Gy8KJaG/c1Ptep/FysXOvYqKExEZLzHzMs34KpDxyxrbBwxxSrFQRd+ebDoMpkDFBosRQ==
  dependencies:
    asynckit "^0.4.0"
    combined-stream "^1.0.6"
    mime-types "^2.1.12"

window-selector@^0.0.7:
  version "0.0.7"
  resolved "https://registry.yarnpkg.com/window-selector/-/window-selector-0.0.7.tgz#ac510d82ea6a532a98b1ab140545738fe8454ecd"
  integrity sha512-K6rA9SC8YYAAkbkRPi10M8AyYDyochU5fw3TNyO2rLODsKuZ5V04bM5WSMZswYY6hjpH/KVXHnPQusaDrxfaYw==

window-xhr@^0.0.29:
  version "0.0.29"
  resolved "https://registry.yarnpkg.com/window-xhr/-/window-xhr-0.0.29.tgz#06c76ac731f8ad3c87f80f670a5a491f89e53efc"
  integrity sha512-Zw+UMr8adq0Cp0Yl06acTqAIveuACjcqS37ILfJrvJHlYGqdZfFZODIXWk9VRe0N9RMQmk46yQtMMwmqOK83kA==
  dependencies:
    window-follow-redirects "0.0.1"
    window-form-data "0.0.2"

write-file-atomic@^1.1.4:
  version "1.3.4"
  resolved "https://registry.yarnpkg.com/write-file-atomic/-/write-file-atomic-1.3.4.tgz#f807a4f0b1d9e913ae7a48112e6cc3af1991b45f"
  integrity sha1-+Aek8LHZ6ROuekgRLmzDrxmRtF8=
  dependencies:
    graceful-fs "^4.1.11"
    imurmurhash "^0.1.4"
    slide "^1.1.5"

ws@^6.1.2, ws@^6.2.1:
  version "6.2.1"
  resolved "https://registry.yarnpkg.com/ws/-/ws-6.2.1.tgz#442fdf0a47ed64f59b6a5d8ff130f4748ed524fb"
  integrity sha512-GIyAXC2cB7LjvpgMt9EKS2ldqr0MTrORaleiOno6TweZ6r3TKtoFQWay/2PceJ3RuBasOHzXNn5Lrw1X0bEjqA==
  dependencies:
    async-limiter "~1.0.0"
